
Microsoft Visual Studio Solution File, Format Version 12.00
# Visual Studio 15
VisualStudioVersion = 15.0.27703.2000
MinimumVisualStudioVersion = 10.0.40219.1
Project("{FAE04EC0-301F-11D3-BF4B-00C04F79EFBC}") = "TimeForShutDown", "TimeForShutDown\TimeForShutDown.csproj", "{FFC6E309-E533-4215-AD3B-26BFE72DA77B}"
EndProject
Global
	GlobalSection(SolutionConfigurationPlatforms) = preSolution
		Debug|Any CPU = Debug|Any CPU
		Release|Any CPU = Release|Any CPU
	EndGlobalSection
	GlobalSection(ProjectConfigurationPlatforms) = postSolution
		{FFC6E309-E533-4215-AD3B-26BFE72DA77B}.Debug|Any CPU.ActiveCfg = Debug|Any CPU
		{FFC6E309-E533-4215-AD3B-26BFE72DA77B}.Debug|Any CPU.Build.0 = Debug|Any CPU
		{FFC6E309-E533-4215-AD3B-26BFE72DA77B}.Release|Any CPU.ActiveCfg = Release|Any CPU
		{FFC6E309-E533-4215-AD3B-26BFE72DA77B}.Release|Any CPU.Build.0 = Release|Any CPU
	EndGlobalSection
	GlobalSection(SolutionProperties) = preSolution
		HideSolutionNode = FALSE
	EndGlobalSection
	GlobalSection(ExtensibilityGlobals) = postSolution
		SolutionGuid = {F6B891C5-9050-469B-BAF0-2389241CAA07}
	EndGlobalSection
EndGlobal
